
Microsoft Visual Studio Solution File, Format Version 12.00
# Visual Studio Version 17
VisualStudioVersion = 17.9.34728.123
MinimumVisualStudioVersion = 10.0.40219.1
Project("{8BC9CEB8-8B4A-11D0-8D11-00A0C91BC942}") = "Lesson_29_2_C++", "Lesson_29_2_C++\Lesson_29_2_C++.vcxproj", "{613CA565-80CE-493F-B82E-1834F1DED242}"
EndProject
Global
	GlobalSection(SolutionConfigurationPlatforms) = preSolution
		Debug|x64 = Debug|x64
		Debug|x86 = Debug|x86
		Release|x64 = Release|x64
		Release|x86 = Release|x86
	EndGlobalSection
	GlobalSection(ProjectConfigurationPlatforms) = postSolution
		{613CA565-80CE-493F-B82E-1834F1DED242}.Debug|x64.ActiveCfg = Debug|x64
		{613CA565-80CE-493F-B82E-1834F1DED242}.Debug|x64.Build.0 = Debug|x64
		{613CA565-80CE-493F-B82E-1834F1DED242}.Debug|x86.ActiveCfg = Debug|Win32
		{613CA565-80CE-493F-B82E-1834F1DED242}.Debug|x86.Build.0 = Debug|Win32
		{613CA565-80CE-493F-B82E-1834F1DED242}.Release|x64.ActiveCfg = Release|x64
		{613CA565-80CE-493F-B82E-1834F1DED242}.Release|x64.Build.0 = Release|x64
		{613CA565-80CE-493F-B82E-1834F1DED242}.Release|x86.ActiveCfg = Release|Win32
		{613CA565-80CE-493F-B82E-1834F1DED242}.Release|x86.Build.0 = Release|Win32
	EndGlobalSection
	GlobalSection(SolutionProperties) = preSolution
		HideSolutionNode = FALSE
	EndGlobalSection
	GlobalSection(ExtensibilityGlobals) = postSolution
		SolutionGuid = {E53107D2-B67A-4ABC-898A-91AD00B66FF0}
	EndGlobalSection
EndGlobal
